
Microsoft Visual Studio Solution File, Format Version 12.00
# Visual Studio 15
VisualStudioVersion = 15.0.27004.2005
MinimumVisualStudioVersion = 10.0.40219.1
Project("{9A19103F-16F7-4668-BE54-9A1E7A4F7556}") = "DEX_Core_WebAPI", "DEX_Core\DEX_Core_WebAPI.csproj", "{7F43AFFB-4FAA-4C11-9D7D-1E8239D774B3}"
EndProject
Project("{9A19103F-16F7-4668-BE54-9A1E7A4F7556}") = "DEX_Core_ReactUI", "DEX_Core_ReactUI\DEX_Core_ReactUI.csproj", "{E57ECB73-AC9F-44F0-A38E-566EC40112E5}"
	ProjectSection(ProjectDependencies) = postProject
		{17842B8E-320A-406A-8F64-707D8AC460D6} = {17842B8E-320A-406A-8F64-707D8AC460D6}
		{7F43AFFB-4FAA-4C11-9D7D-1E8239D774B3} = {7F43AFFB-4FAA-4C11-9D7D-1E8239D774B3}
	EndProjectSection
EndProject
Project("{FAE04EC0-301F-11D3-BF4B-00C04F79EFBC}") = "DEX_Core_Tests", "DEX_Core_Tests\DEX_Core_Tests.csproj", "{17842B8E-320A-406A-8F64-707D8AC460D6}"
EndProject
Global
	GlobalSection(SolutionConfigurationPlatforms) = preSolution
		Debug|Any CPU = Debug|Any CPU
		Release|Any CPU = Release|Any CPU
	EndGlobalSection
	GlobalSection(ProjectConfigurationPlatforms) = postSolution
		{7F43AFFB-4FAA-4C11-9D7D-1E8239D774B3}.Debug|Any CPU.ActiveCfg = Debug|Any CPU
		{7F43AFFB-4FAA-4C11-9D7D-1E8239D774B3}.Debug|Any CPU.Build.0 = Debug|Any CPU
		{7F43AFFB-4FAA-4C11-9D7D-1E8239D774B3}.Release|Any CPU.ActiveCfg = Release|Any CPU
		{7F43AFFB-4FAA-4C11-9D7D-1E8239D774B3}.Release|Any CPU.Build.0 = Release|Any CPU
		{E57ECB73-AC9F-44F0-A38E-566EC40112E5}.Debug|Any CPU.ActiveCfg = Debug|Any CPU
		{E57ECB73-AC9F-44F0-A38E-566EC40112E5}.Debug|Any CPU.Build.0 = Debug|Any CPU
		{E57ECB73-AC9F-44F0-A38E-566EC40112E5}.Release|Any CPU.ActiveCfg = Release|Any CPU
		{E57ECB73-AC9F-44F0-A38E-566EC40112E5}.Release|Any CPU.Build.0 = Release|Any CPU
		{17842B8E-320A-406A-8F64-707D8AC460D6}.Debug|Any CPU.ActiveCfg = Debug|Any CPU
		{17842B8E-320A-406A-8F64-707D8AC460D6}.Debug|Any CPU.Build.0 = Debug|Any CPU
		{17842B8E-320A-406A-8F64-707D8AC460D6}.Release|Any CPU.ActiveCfg = Release|Any CPU
		{17842B8E-320A-406A-8F64-707D8AC460D6}.Release|Any CPU.Build.0 = Release|Any CPU
	EndGlobalSection
	GlobalSection(SolutionProperties) = preSolution
		HideSolutionNode = FALSE
	EndGlobalSection
	GlobalSection(ExtensibilityGlobals) = postSolution
		SolutionGuid = {911B36C6-2EF0-4FC5-959C-37245B9FA79A}
	EndGlobalSection
EndGlobal
